<?xml version="1.0" encoding="utf-8"?>
<Project ToolsVersion="16.0" xmlns="http://schemas.microsoft.com/developer/msbuild/2003">
  <ItemGroup>
    <ClCompile Include="D:\source\repos\ThomasCharlesClark\Ogre\my-third-ogre\src\FieldTest\Cell.cpp">
      <Filter>Source Files\Cell</Filter>
    </ClCompile>
    <ClCompile Include="D:\source\repos\ThomasCharlesClark\Ogre\my-third-ogre\src\FieldTest\Field.cpp">
      <Filter>Source Files\Field</Filter>
    </ClCompile>
    <ClCompile Include="D:\source\repos\ThomasCharlesClark\Ogre\my-third-ogre\src\FieldTest\Hand.cpp">
      <Filter>Source Files\Hand</Filter>
    </ClCompile>
    <ClCompile Include="D:\source\repos\ThomasCharlesClark\Ogre\my-third-ogre\src\Leap\LeapSystem.cpp">
      <Filter>Source Files\Leap</Filter>
    </ClCompile>
    <ClCompile Include="D:\source\repos\ThomasCharlesClark\Ogre\my-third-ogre\src\Leap\LeapSystemState.cpp">
      <Filter>Source Files\Leap</Filter>
    </ClCompile>
    <ClCompile Include="D:\source\repos\ThomasCharlesClark\Ogre\my-third-ogre\src\LogicGameState.cpp">
      <Filter>Source Files\Core</Filter>
    </ClCompile>
    <ClCompile Include="D:\source\repos\ThomasCharlesClark\Ogre\my-third-ogre\src\MyThirdOgre.cpp">
      <Filter>Source Files\Core</Filter>
    </ClCompile>
    <ClCompile Include="D:\source\repos\ThomasCharlesClark\Ogre\my-third-ogre\src\GraphicsGameState.cpp">
      <Filter>Source Files\Core</Filter>
    </ClCompile>
    <ClCompile Include="D:\source\repos\ThomasCharlesClark\Ogre\my-third-ogre\src\OgreCommon\TutorialGameState.cpp">
      <Filter>Source Files\Core</Filter>
    </ClCompile>
    <ClCompile Include="D:\source\repos\ThomasCharlesClark\Ogre\my-third-ogre\src\OgreCommon\GameEntityManager.cpp">
      <Filter>Source Files\Core</Filter>
    </ClCompile>
    <ClCompile Include="D:\source\repos\ThomasCharlesClark\Ogre\my-third-ogre\src\OgreCommon\GraphicsSystem.cpp">
      <Filter>Source Files\Core</Filter>
    </ClCompile>
    <ClCompile Include="D:\source\repos\ThomasCharlesClark\Ogre\my-third-ogre\src\OgreCommon\LogicSystem.cpp">
      <Filter>Source Files\Core</Filter>
    </ClCompile>
    <ClCompile Include="D:\source\repos\ThomasCharlesClark\Ogre\my-third-ogre\src\OgreCommon\CameraControllerMultiThreading.cpp">
      <Filter>Source Files\Core</Filter>
    </ClCompile>
    <ClCompile Include="D:\source\repos\ThomasCharlesClark\Ogre\my-third-ogre\src\OgreCommon\System\MainEntryPoints.cpp">
      <Filter>Source Files\Other</Filter>
    </ClCompile>
    <ClCompile Include="D:\source\repos\ThomasCharlesClark\Ogre\my-third-ogre\src\OgreCommon\System\Android\AndroidSystems.cpp">
      <Filter>Source Files\Other</Filter>
    </ClCompile>
    <ClCompile Include="D:\source\repos\ThomasCharlesClark\Ogre\my-third-ogre\src\OgreCommon\CameraController.cpp">
      <Filter>Source Files\Other</Filter>
    </ClCompile>
    <ClCompile Include="D:\source\repos\ThomasCharlesClark\Ogre\my-third-ogre\src\OgreCommon\Utils\HdrUtils.cpp">
      <Filter>Source Files\Other</Filter>
    </ClCompile>
    <ClCompile Include="D:\source\repos\ThomasCharlesClark\Ogre\my-third-ogre\src\OgreCommon\Utils\MeshUtils.cpp">
      <Filter>Source Files\Other</Filter>
    </ClCompile>
    <ClCompile Include="D:\source\repos\ThomasCharlesClark\Ogre\my-third-ogre\src\OgreCommon\Threading\MessageQueueSystem.cpp">
      <Filter>Source Files\Other</Filter>
    </ClCompile>
    <ClCompile Include="D:\source\repos\ThomasCharlesClark\Ogre\my-third-ogre\src\OgreCommon\Utils\MiscUtils.cpp">
      <Filter>Source Files\Other</Filter>
    </ClCompile>
    <ClCompile Include="D:\source\repos\ThomasCharlesClark\Ogre\my-third-ogre\src\OgreCommon\Utils\ScreenSpaceReflections.cpp">
      <Filter>Source Files\Other</Filter>
    </ClCompile>
    <ClCompile Include="D:\source\repos\ThomasCharlesClark\Ogre\my-third-ogre\src\OgreCommon\SdlInputHandler.cpp">
      <Filter>Source Files\Other</Filter>
    </ClCompile>
    <ClCompile Include="D:\source\repos\ThomasCharlesClark\Ogre\my-third-ogre\src\OgreCommon\Utils\SmaaUtils.cpp">
      <Filter>Source Files\Other</Filter>
    </ClCompile>
    <ClCompile Include="D:\source\repos\ThomasCharlesClark\Ogre\my-third-ogre\src\OgreCommon\System\StaticPluginLoader.cpp">
      <Filter>Source Files\Other</Filter>
    </ClCompile>
    <ClCompile Include="D:\source\repos\ThomasCharlesClark\Ogre\my-third-ogre\src\OgreCommon\Utils\TestUtils.cpp">
      <Filter>Source Files\Other</Filter>
    </ClCompile>
    <ClCompile Include="D:\source\repos\ThomasCharlesClark\Ogre\my-third-ogre\src\OgreCommon\BaseSystem.cpp">
      <Filter>Source Files\Core</Filter>
    </ClCompile>
    <ClCompile Include="include\OgreCommon\FieldComputeSystem.cpp">
      <Filter>Source Files\Field</Filter>
    </ClCompile>
  </ItemGroup>
  <ItemGroup>
    <ClInclude Include="include\OgreCommon\Cell.h">
      <Filter>Header Files\Cell</Filter>
    </ClInclude>
    <ClInclude Include="include\OgreCommon\Field.h">
      <Filter>Header Files\Field</Filter>
    </ClInclude>
    <ClInclude Include="include\OgreCommon\Hand.h">
      <Filter>Header Files\Hand</Filter>
    </ClInclude>
    <ClInclude Include="include\OgreCommon\LeapSystem.h">
      <Filter>Header Files\Leap</Filter>
    </ClInclude>
    <ClInclude Include="include\OgreCommon\LeapSystemState.h">
      <Filter>Header Files\Leap</Filter>
    </ClInclude>
    <ClInclude Include="include\OgreCommon\MyMath.h">
      <Filter>Header Files\Util</Filter>
    </ClInclude>
    <ClInclude Include="include\OgreCommon\GraphicsGameState.h">
      <Filter>Header Files\Core</Filter>
    </ClInclude>
    <ClInclude Include="D:\source\repos\ThomasCharlesClark\Ogre\my-third-ogre\include\OgreCommon\TutorialGameState.h">
      <Filter>Header Files\Core</Filter>
    </ClInclude>
    <ClInclude Include="include\OgreCommon\LogicGameState.h">
      <Filter>Header Files\Core</Filter>
    </ClInclude>
    <ClInclude Include="D:\source\repos\ThomasCharlesClark\Ogre\my-third-ogre\include\OgreCommon\GameEntityManager.h">
      <Filter>Header Files\Core</Filter>
    </ClInclude>
    <ClInclude Include="D:\source\repos\ThomasCharlesClark\Ogre\my-third-ogre\include\OgreCommon\LogicSystem.h">
      <Filter>Header Files\Core</Filter>
    </ClInclude>
    <ClInclude Include="D:\source\repos\ThomasCharlesClark\Ogre\my-third-ogre\include\OgreCommon\GraphicsSystem.h">
      <Filter>Header Files\Core</Filter>
    </ClInclude>
    <ClInclude Include="D:\source\repos\ThomasCharlesClark\Ogre\my-third-ogre\include\OgreCommon\CameraControllerMultiThreading.h">
      <Filter>Header Files\Core</Filter>
    </ClInclude>
    <ClInclude Include="D:\source\repos\ThomasCharlesClark\Ogre\my-third-ogre\include\OgreCommon\GameEntity.h">
      <Filter>Header Files\Core</Filter>
    </ClInclude>
    <ClInclude Include="D:\source\repos\ThomasCharlesClark\Ogre\my-third-ogre\include\OgreCommon\System\Android\AndroidSystems.h">
      <Filter>Header Files\Other</Filter>
    </ClInclude>
    <ClInclude Include="D:\source\repos\ThomasCharlesClark\Ogre\my-third-ogre\include\OgreCommon\System\iOS\AppDelegate.h">
      <Filter>Header Files\Other</Filter>
    </ClInclude>
    <ClInclude Include="D:\source\repos\ThomasCharlesClark\Ogre\my-third-ogre\include\OgreCommon\BaseSystem.h">
      <Filter>Header Files\Other</Filter>
    </ClInclude>
    <ClInclude Include="D:\source\repos\ThomasCharlesClark\Ogre\my-third-ogre\include\OgreCommon\CameraController.h">
      <Filter>Header Files\Other</Filter>
    </ClInclude>
    <ClInclude Include="D:\source\repos\ThomasCharlesClark\Ogre\my-third-ogre\include\OgreCommon\GameState.h">
      <Filter>Header Files\Other</Filter>
    </ClInclude>
    <ClInclude Include="D:\source\repos\ThomasCharlesClark\Ogre\my-third-ogre\include\OgreCommon\System\iOS\GameViewController.h">
      <Filter>Header Files\Other</Filter>
    </ClInclude>
    <ClInclude Include="D:\source\repos\ThomasCharlesClark\Ogre\my-third-ogre\include\OgreCommon\Utils\HdrUtils.h">
      <Filter>Header Files\Other</Filter>
    </ClInclude>
    <ClInclude Include="D:\source\repos\ThomasCharlesClark\Ogre\my-third-ogre\include\OgreCommon\InputListeners.h">
      <Filter>Header Files\Other</Filter>
    </ClInclude>
    <ClInclude Include="D:\source\repos\ThomasCharlesClark\Ogre\my-third-ogre\include\OgreCommon\System\iOS\iOSUtils.h">
      <Filter>Header Files\Other</Filter>
    </ClInclude>
    <ClInclude Include="D:\source\repos\ThomasCharlesClark\Ogre\my-third-ogre\include\OgreCommon\MainEntryPointHelper.h">
      <Filter>Header Files\Other</Filter>
    </ClInclude>
    <ClInclude Include="D:\source\repos\ThomasCharlesClark\Ogre\my-third-ogre\include\OgreCommon\System\MainEntryPoints.h">
      <Filter>Header Files\Other</Filter>
    </ClInclude>
    <ClInclude Include="D:\source\repos\ThomasCharlesClark\Ogre\my-third-ogre\include\OgreCommon\Utils\MeshUtils.h">
      <Filter>Header Files\Other</Filter>
    </ClInclude>
    <ClInclude Include="D:\source\repos\ThomasCharlesClark\Ogre\my-third-ogre\include\OgreCommon\Threading\MessageQueueSystem.h">
      <Filter>Header Files\Other</Filter>
    </ClInclude>
    <ClInclude Include="D:\source\repos\ThomasCharlesClark\Ogre\my-third-ogre\include\OgreCommon\Utils\MiscUtils.h">
      <Filter>Header Files\Other</Filter>
    </ClInclude>
    <ClInclude Include="D:\source\repos\ThomasCharlesClark\Ogre\my-third-ogre\include\OgreCommon\System\OSX\OSXUtils.h">
      <Filter>Header Files\Other</Filter>
    </ClInclude>
    <ClInclude Include="D:\source\repos\ThomasCharlesClark\Ogre\my-third-ogre\include\OgreCommon\Utils\ScreenSpaceReflections.h">
      <Filter>Header Files\Other</Filter>
    </ClInclude>
    <ClInclude Include="D:\source\repos\ThomasCharlesClark\Ogre\my-third-ogre\include\OgreCommon\SdlEmulationLayer.h">
      <Filter>Header Files\Other</Filter>
    </ClInclude>
    <ClInclude Include="D:\source\repos\ThomasCharlesClark\Ogre\my-third-ogre\include\OgreCommon\SdlInputHandler.h">
      <Filter>Header Files\Other</Filter>
    </ClInclude>
    <ClInclude Include="D:\source\repos\ThomasCharlesClark\Ogre\my-third-ogre\include\OgreCommon\Utils\SmaaUtils.h">
      <Filter>Header Files\Other</Filter>
    </ClInclude>
    <ClInclude Include="D:\source\repos\ThomasCharlesClark\Ogre\my-third-ogre\include\OgreCommon\System\StaticPluginLoader.h">
      <Filter>Header Files\Other</Filter>
    </ClInclude>
    <ClInclude Include="D:\source\repos\ThomasCharlesClark\Ogre\my-third-ogre\include\OgreCommon\Utils\TestUtils.h">
      <Filter>Header Files\Other</Filter>
    </ClInclude>
    <ClInclude Include="D:\source\repos\ThomasCharlesClark\Ogre\my-third-ogre\include\OgreCommon\Threading\YieldTimer.h">
      <Filter>Header Files\Other</Filter>
    </ClInclude>
    <ClInclude Include="include\OgreCommon\FieldComputeSystem.h">
      <Filter>Header Files\Field</Filter>
    </ClInclude>
    <ClInclude Include="D:\source\repos\ThomasCharlesClark\Ogre\my-third-ogre\include\OgreCommon\Threading\MqMessages.h">
      <Filter>Header Files\Core</Filter>
    </ClInclude>
  </ItemGroup>
  <ItemGroup>
    <CustomBuild Include="D:\source\repos\ThomasCharlesClark\Ogre\my-third-ogre\CMakeLists.txt" />
  </ItemGroup>
  <ItemGroup>
    <Filter Include="Header Files">
      <UniqueIdentifier>{18509290-136D-307F-BA28-4191D8D88A1F}</UniqueIdentifier>
    </Filter>
    <Filter Include="Source Files">
      <UniqueIdentifier>{E3D8DC5F-BEC5-30A2-8EC1-187CF08D2985}</UniqueIdentifier>
    </Filter>
    <Filter Include="Header Files\Field">
      <UniqueIdentifier>{b2cb7cd2-e305-406a-be4c-013bd467640a}</UniqueIdentifier>
    </Filter>
    <Filter Include="Header Files\Cell">
      <UniqueIdentifier>{a6898572-5c23-4a77-98ef-106a114b325c}</UniqueIdentifier>
    </Filter>
    <Filter Include="Source Files\Field">
      <UniqueIdentifier>{2c4aebb8-522b-4be1-8435-5f4e84a134e7}</UniqueIdentifier>
    </Filter>
    <Filter Include="Source Files\Cell">
      <UniqueIdentifier>{e4c673dd-ca2a-4fd4-ac61-a70c6e272ffc}</UniqueIdentifier>
    </Filter>
    <Filter Include="Header Files\Other">
      <UniqueIdentifier>{b7f80477-fd1d-4d61-bb60-aa6963cfba51}</UniqueIdentifier>
    </Filter>
    <Filter Include="Source Files\Other">
      <UniqueIdentifier>{2e859ab0-db14-4cd1-87e7-8efd5b42b73c}</UniqueIdentifier>
    </Filter>
    <Filter Include="Header Files\Util">
      <UniqueIdentifier>{d8545dd4-0e6a-4f89-8a26-4efc320a47c4}</UniqueIdentifier>
    </Filter>
    <Filter Include="Header Files\Leap">
      <UniqueIdentifier>{9203ee94-eafe-4d64-bccf-f39c654471ec}</UniqueIdentifier>
    </Filter>
    <Filter Include="Source Files\Leap">
      <UniqueIdentifier>{34f191fe-0232-49e9-86bf-519436cd1875}</UniqueIdentifier>
    </Filter>
    <Filter Include="Source Files\Hand">
      <UniqueIdentifier>{f2ce3bfe-c411-4299-9bb7-2b3e42116f40}</UniqueIdentifier>
    </Filter>
    <Filter Include="Header Files\Hand">
      <UniqueIdentifier>{42b99dce-ceb0-4c0e-ae2d-b4420787d408}</UniqueIdentifier>
    </Filter>
    <Filter Include="Header Files\Core">
      <UniqueIdentifier>{902795e1-a00c-4b52-8370-6afda68122fa}</UniqueIdentifier>
    </Filter>
    <Filter Include="Source Files\Core">
      <UniqueIdentifier>{23218f15-3f05-40af-aa40-c33918a226ff}</UniqueIdentifier>
    </Filter>
    <Filter Include="ComputeShaders">
      <UniqueIdentifier>{7ebbdf12-aa70-4fde-8261-a9e4d1e972cd}</UniqueIdentifier>
    </Filter>
  </ItemGroup>
  <ItemGroup>
    <Text Include="CMakeCache.txt" />
  </ItemGroup>
  <ItemGroup>
    <None Include="cmake_install.cmake" />
    <None Include=".gitignore" />
    <None Include=".gitattributes" />
    <None Include="src\MyMaterials\compute\Compute.compositor">
      <Filter>ComputeShaders</Filter>
    </None>
    <None Include="src\MyMaterials\compute\ComputeJobs.material.json">
      <Filter>ComputeShaders</Filter>
    </None>
    <None Include="src\MyMaterials\compute\TutorialCompute02_UavBuffer.material">
      <Filter>ComputeShaders</Filter>
    </None>
    <None Include="src\MyMaterials\compute\HLSL\ComputeTest.hlsl">
      <Filter>ComputeShaders</Filter>
    </None>
    <None Include="src\MyMaterials\compute\HLSL\DrawFromUavBuffer_ps.hlsl">
      <Filter>ComputeShaders</Filter>
    </None>
    <None Include="src\MyMaterials\MainWorkspace.compositor" />
    <None Include="src\MyMaterials\compute\HLSL\Advection.hlsl">
      <Filter>ComputeShaders</Filter>
    </None>
    <None Include="src\MyMaterials\compute\HLSL\AddImpulses.hlsl">
      <Filter>ComputeShaders</Filter>
    </None>
    <None Include="src\MyMaterials\compute\HLSL\BoundaryConditions.hlsl">
      <Filter>ComputeShaders</Filter>
    </None>
    <None Include="src\MyMaterials\compute\HLSL\Divergence.hlsl">
      <Filter>ComputeShaders</Filter>
    </None>
    <None Include="src\MyMaterials\compute\HLSL\JacobiDiffusion.hlsl">
      <Filter>ComputeShaders</Filter>
    </None>
    <None Include="src\MyMaterials\compute\HLSL\JacobiPressure.hlsl">
      <Filter>ComputeShaders</Filter>
    </None>
    <None Include="src\MyMaterials\compute\HLSL\SubtractPressureGradient.hlsl">
      <Filter>ComputeShaders</Filter>
    </None>
    <None Include="src\MyMaterials\compute\HLSL\CopyFromTexture_ps.hlsl">
      <Filter>ComputeShaders</Filter>
    </None>
    <None Include="src\MyMaterials\compute\HLSL\AdvectionCopy.hlsl">
      <Filter>ComputeShaders</Filter>
    </None>
  </ItemGroup>
</Project>